
Microsoft Visual Studio Solution File, Format Version 12.00
# Visual Studio Version 16
VisualStudioVersion = 16.0.31424.327
MinimumVisualStudioVersion = 10.0.40219.1
Project("{FAE04EC0-301F-11D3-BF4B-00C04F79EFBC}") = "FootballHub", "FootballHub\FootballHub.csproj", "{C8F82F3A-5799-4D44-A8C7-6F2A73E8E34A}"
EndProject
Project("{FAE04EC0-301F-11D3-BF4B-00C04F79EFBC}") = "FootballHub.Core", "FootballHub.Core\FootballHub.Core.csproj", "{0ECA1796-637D-4664-9F08-A6D11E5566AD}"
EndProject
Project("{FAE04EC0-301F-11D3-BF4B-00C04F79EFBC}") = "FootballHub.Core.Tests", "FootballHub.Core.Tests\FootballHub.Core.Tests.csproj", "{1973E0F1-B10E-421D-AB05-B4526F99C58F}"
EndProject
Global
	GlobalSection(SolutionConfigurationPlatforms) = preSolution
		Debug|Any CPU = Debug|Any CPU
		Release|Any CPU = Release|Any CPU
	EndGlobalSection
	GlobalSection(ProjectConfigurationPlatforms) = postSolution
		{C8F82F3A-5799-4D44-A8C7-6F2A73E8E34A}.Debug|Any CPU.ActiveCfg = Debug|Any CPU
		{C8F82F3A-5799-4D44-A8C7-6F2A73E8E34A}.Debug|Any CPU.Build.0 = Debug|Any CPU
		{C8F82F3A-5799-4D44-A8C7-6F2A73E8E34A}.Release|Any CPU.ActiveCfg = Release|Any CPU
		{C8F82F3A-5799-4D44-A8C7-6F2A73E8E34A}.Release|Any CPU.Build.0 = Release|Any CPU
		{0ECA1796-637D-4664-9F08-A6D11E5566AD}.Debug|Any CPU.ActiveCfg = Debug|Any CPU
		{0ECA1796-637D-4664-9F08-A6D11E5566AD}.Debug|Any CPU.Build.0 = Debug|Any CPU
		{0ECA1796-637D-4664-9F08-A6D11E5566AD}.Release|Any CPU.ActiveCfg = Release|Any CPU
		{0ECA1796-637D-4664-9F08-A6D11E5566AD}.Release|Any CPU.Build.0 = Release|Any CPU
		{1973E0F1-B10E-421D-AB05-B4526F99C58F}.Debug|Any CPU.ActiveCfg = Debug|Any CPU
		{1973E0F1-B10E-421D-AB05-B4526F99C58F}.Debug|Any CPU.Build.0 = Debug|Any CPU
		{1973E0F1-B10E-421D-AB05-B4526F99C58F}.Release|Any CPU.ActiveCfg = Release|Any CPU
		{1973E0F1-B10E-421D-AB05-B4526F99C58F}.Release|Any CPU.Build.0 = Release|Any CPU
	EndGlobalSection
	GlobalSection(SolutionProperties) = preSolution
		HideSolutionNode = FALSE
	EndGlobalSection
	GlobalSection(ExtensibilityGlobals) = postSolution
		SolutionGuid = {31B5C186-D5CC-4BF9-9948-A8B99449D7A4}
	EndGlobalSection
EndGlobal
